
Microsoft Visual Studio Solution File, Format Version 12.00
# Visual Studio Version 17
VisualStudioVersion = 17.3.32929.385
MinimumVisualStudioVersion = 10.0.40219.1
Project("{FAE04EC0-301F-11D3-BF4B-00C04F79EFBC}") = "BL.MorphologicalAnalyzer", "BL.MorphologicalAnalyzer\BL.MorphologicalAnalyzer.csproj", "{C8C2D84A-47B9-40F3-8B40-694FC0C7D829}"
EndProject
Project("{FAE04EC0-301F-11D3-BF4B-00C04F79EFBC}") = "BL.MorphologicalAnalyzer.Tests", "BL.MorphologicalAnalyzer.Tests\BL.MorphologicalAnalyzer.Tests.csproj", "{F6A8464D-0226-4244-9971-037E8AFB89F4}"
EndProject
Global
	GlobalSection(SolutionConfigurationPlatforms) = preSolution
		Debug|Any CPU = Debug|Any CPU
		Release|Any CPU = Release|Any CPU
	EndGlobalSection
	GlobalSection(ProjectConfigurationPlatforms) = postSolution
		{C8C2D84A-47B9-40F3-8B40-694FC0C7D829}.Debug|Any CPU.ActiveCfg = Debug|Any CPU
		{C8C2D84A-47B9-40F3-8B40-694FC0C7D829}.Debug|Any CPU.Build.0 = Debug|Any CPU
		{C8C2D84A-47B9-40F3-8B40-694FC0C7D829}.Release|Any CPU.ActiveCfg = Release|Any CPU
		{C8C2D84A-47B9-40F3-8B40-694FC0C7D829}.Release|Any CPU.Build.0 = Release|Any CPU
		{F6A8464D-0226-4244-9971-037E8AFB89F4}.Debug|Any CPU.ActiveCfg = Debug|Any CPU
		{F6A8464D-0226-4244-9971-037E8AFB89F4}.Debug|Any CPU.Build.0 = Debug|Any CPU
		{F6A8464D-0226-4244-9971-037E8AFB89F4}.Release|Any CPU.ActiveCfg = Release|Any CPU
		{F6A8464D-0226-4244-9971-037E8AFB89F4}.Release|Any CPU.Build.0 = Release|Any CPU
	EndGlobalSection
	GlobalSection(SolutionProperties) = preSolution
		HideSolutionNode = FALSE
	EndGlobalSection
	GlobalSection(ExtensibilityGlobals) = postSolution
		SolutionGuid = {1A3AC139-2DCE-4625-8EF5-58C52AC14ABF}
	EndGlobalSection
EndGlobal
