
Microsoft Visual Studio Solution File, Format Version 12.00
# Visual Studio Version 17
VisualStudioVersion = 17.3.32929.385
MinimumVisualStudioVersion = 10.0.40219.1
Project("{FAE04EC0-301F-11D3-BF4B-00C04F79EFBC}") = "UI.WinCorpusEditor", "UI.WinCorpusEditor\UI.WinCorpusEditor.csproj", "{BBC2198B-C4DA-4D92-939C-4CEEB136B22C}"
EndProject
Project("{FAE04EC0-301F-11D3-BF4B-00C04F79EFBC}") = "BL.MorphologicalAnalyzer", "..\..\morphological-analyzer\dotNET\BL.MorphologicalAnalyzer\BL.MorphologicalAnalyzer.csproj", "{C8C2D84A-47B9-40F3-8B40-694FC0C7D829}"
EndProject
Project("{FAE04EC0-301F-11D3-BF4B-00C04F79EFBC}") = "BL.MorphologicalAnalyzer.Tests", "..\..\morphological-analyzer\dotNET\BL.MorphologicalAnalyzer.Tests\BL.MorphologicalAnalyzer.Tests.csproj", "{F6A8464D-0226-4244-9971-037E8AFB89F4}"
EndProject
Global
	GlobalSection(SolutionConfigurationPlatforms) = preSolution
		Debug|Any CPU = Debug|Any CPU
		Release|Any CPU = Release|Any CPU
	EndGlobalSection
	GlobalSection(ProjectConfigurationPlatforms) = postSolution
		{BBC2198B-C4DA-4D92-939C-4CEEB136B22C}.Debug|Any CPU.ActiveCfg = Debug|Any CPU
		{BBC2198B-C4DA-4D92-939C-4CEEB136B22C}.Debug|Any CPU.Build.0 = Debug|Any CPU
		{BBC2198B-C4DA-4D92-939C-4CEEB136B22C}.Release|Any CPU.ActiveCfg = Release|Any CPU
		{BBC2198B-C4DA-4D92-939C-4CEEB136B22C}.Release|Any CPU.Build.0 = Release|Any CPU
		{C8C2D84A-47B9-40F3-8B40-694FC0C7D829}.Debug|Any CPU.ActiveCfg = Debug|Any CPU
		{C8C2D84A-47B9-40F3-8B40-694FC0C7D829}.Debug|Any CPU.Build.0 = Debug|Any CPU
		{C8C2D84A-47B9-40F3-8B40-694FC0C7D829}.Release|Any CPU.ActiveCfg = Release|Any CPU
		{C8C2D84A-47B9-40F3-8B40-694FC0C7D829}.Release|Any CPU.Build.0 = Release|Any CPU
		{F6A8464D-0226-4244-9971-037E8AFB89F4}.Debug|Any CPU.ActiveCfg = Debug|Any CPU
		{F6A8464D-0226-4244-9971-037E8AFB89F4}.Debug|Any CPU.Build.0 = Debug|Any CPU
		{F6A8464D-0226-4244-9971-037E8AFB89F4}.Release|Any CPU.ActiveCfg = Release|Any CPU
		{F6A8464D-0226-4244-9971-037E8AFB89F4}.Release|Any CPU.Build.0 = Release|Any CPU
	EndGlobalSection
	GlobalSection(SolutionProperties) = preSolution
		HideSolutionNode = FALSE
	EndGlobalSection
	GlobalSection(ExtensibilityGlobals) = postSolution
		SolutionGuid = {CF3C9D11-374A-4815-99D8-DAFFA1A6F3E9}
	EndGlobalSection
EndGlobal
